# This file is automatically @generated by Cargo.
# It is not intended for manual editing.
version = 3

[[package]]
name = "server-controller"
version = "0.1.0"

[[package]]
name = "server-domain"
version = "0.1.0"

[[package]]
name = "server-infra"
version = "0.1.0"

[[package]]
name = "server-usecase"
version = "0.1.0"
